
Microsoft Visual Studio Solution File, Format Version 12.00
# Visual Studio Version 17
VisualStudioVersion = 17.11.35303.130
MinimumVisualStudioVersion = 10.0.40219.1
Project("{FAE04EC0-301F-11D3-BF4B-00C04F79EFBC}") = "UltraconTesteAPI", "UltraconTesteAPI\UltraconTesteAPI.csproj", "{FB2A4677-8370-4684-97DF-540A3CACD638}"
EndProject
Global
	GlobalSection(SolutionConfigurationPlatforms) = preSolution
		Debug|Any CPU = Debug|Any CPU
		Release|Any CPU = Release|Any CPU
	EndGlobalSection
	GlobalSection(ProjectConfigurationPlatforms) = postSolution
		{FB2A4677-8370-4684-97DF-540A3CACD638}.Debug|Any CPU.ActiveCfg = Debug|Any CPU
		{FB2A4677-8370-4684-97DF-540A3CACD638}.Debug|Any CPU.Build.0 = Debug|Any CPU
		{FB2A4677-8370-4684-97DF-540A3CACD638}.Release|Any CPU.ActiveCfg = Release|Any CPU
		{FB2A4677-8370-4684-97DF-540A3CACD638}.Release|Any CPU.Build.0 = Release|Any CPU
	EndGlobalSection
	GlobalSection(SolutionProperties) = preSolution
		HideSolutionNode = FALSE
	EndGlobalSection
	GlobalSection(ExtensibilityGlobals) = postSolution
		SolutionGuid = {EED7621A-F102-4ACE-8FD8-5CA5DEC182E7}
	EndGlobalSection
EndGlobal
